
Microsoft Visual Studio Solution File, Format Version 12.00
# Visual Studio 15
VisualStudioVersion = 15.0.28307.1684
MinimumVisualStudioVersion = 10.0.40219.1
Project("{FAE04EC0-301F-11D3-BF4B-00C04F79EFBC}") = "OnlineShop", "OnlineShop\OnlineShop.csproj", "{BFBFF38F-AEF3-4773-B511-BBE0EC9A1F41}"
EndProject
Global
	GlobalSection(SolutionConfigurationPlatforms) = preSolution
		Debug|Any CPU = Debug|Any CPU
		Release|Any CPU = Release|Any CPU
	EndGlobalSection
	GlobalSection(ProjectConfigurationPlatforms) = postSolution
		{BFBFF38F-AEF3-4773-B511-BBE0EC9A1F41}.Debug|Any CPU.ActiveCfg = Debug|Any CPU
		{BFBFF38F-AEF3-4773-B511-BBE0EC9A1F41}.Debug|Any CPU.Build.0 = Debug|Any CPU
		{BFBFF38F-AEF3-4773-B511-BBE0EC9A1F41}.Release|Any CPU.ActiveCfg = Release|Any CPU
		{BFBFF38F-AEF3-4773-B511-BBE0EC9A1F41}.Release|Any CPU.Build.0 = Release|Any CPU
	EndGlobalSection
	GlobalSection(SolutionProperties) = preSolution
		HideSolutionNode = FALSE
	EndGlobalSection
	GlobalSection(ExtensibilityGlobals) = postSolution
		SolutionGuid = {72459F42-ECC5-41D6-966B-01553760842D}
	EndGlobalSection
EndGlobal
